// !$*UTF8*$!
{
	archiveVersion = 1;
	classes = {
	};
	objectVersion = 55;
	objects = {

/* Begin PBXBuildFile section */
		0D15B88927B442A40033AC62 /* PonyListCard.swift in Sources */ = {isa = PBXBuildFile; fileRef = 0D15B88827B442A40033AC62 /* PonyListCard.swift */; };
		0D15B88C27B5198F0033AC62 /* EpisodeList.swift in Sources */ = {isa = PBXBuildFile; fileRef = 0D15B88A27B5198F0033AC62 /* EpisodeList.swift */; };
		0D15B88D27B5198F0033AC62 /* EpisodeListCard.swift in Sources */ = {isa = PBXBuildFile; fileRef = 0D15B88B27B5198F0033AC62 /* EpisodeListCard.swift */; };
		0D1EF28527B43C9800CE2AB1 /* PonyKit in Frameworks */ = {isa = PBXBuildFile; productRef = 0D1EF28427B43C9800CE2AB1 /* PonyKit */; };
		0D525D2427496A8C00FCBEB1 /* PonyApp.swift in Sources */ = {isa = PBXBuildFile; fileRef = 0D525D2327496A8C00FCBEB1 /* PonyApp.swift */; };
		0D525D2827496A8E00FCBEB1 /* Assets.xcassets in Resources */ = {isa = PBXBuildFile; fileRef = 0D525D2727496A8E00FCBEB1 /* Assets.xcassets */; };
		0D525D2B27496A8E00FCBEB1 /* Preview Assets.xcassets in Resources */ = {isa = PBXBuildFile; fileRef = 0D525D2A27496A8E00FCBEB1 /* Preview Assets.xcassets */; };
		0DF4612927B36A5100D9B678 /* PonyList.swift in Sources */ = {isa = PBXBuildFile; fileRef = 0DF4612827B36A5100D9B678 /* PonyList.swift */; };
		0DF4612B27B36B9900D9B678 /* PonyAppState.swift in Sources */ = {isa = PBXBuildFile; fileRef = 0DF4612A27B36B9900D9B678 /* PonyAppState.swift */; };
/* End PBXBuildFile section */

/* Begin PBXFileReference section */
		0D15B88827B442A40033AC62 /* PonyListCard.swift */ = {isa = PBXFileReference; lastKnownFileType = sourcecode.swift; path = PonyListCard.swift; sourceTree = "<group>"; };
		0D15B88A27B5198F0033AC62 /* EpisodeList.swift */ = {isa = PBXFileReference; fileEncoding = 4; lastKnownFileType = sourcecode.swift; path = EpisodeList.swift; sourceTree = "<group>"; };
		0D15B88B27B5198F0033AC62 /* EpisodeListCard.swift */ = {isa = PBXFileReference; fileEncoding = 4; lastKnownFileType = sourcecode.swift; path = EpisodeListCard.swift; sourceTree = "<group>"; };
		0D1EF28227B43C6800CE2AB1 /* PonyKit */ = {isa = PBXFileReference; lastKnownFileType = wrapper; name = PonyKit; path = ../..; sourceTree = "<group>"; };
		0D525D2027496A8C00FCBEB1 /* PonyApp.app */ = {isa = PBXFileReference; explicitFileType = wrapper.application; includeInIndex = 0; path = PonyApp.app; sourceTree = BUILT_PRODUCTS_DIR; };
		0D525D2327496A8C00FCBEB1 /* PonyApp.swift */ = {isa = PBXFileReference; lastKnownFileType = sourcecode.swift; path = PonyApp.swift; sourceTree = "<group>"; };
		0D525D2727496A8E00FCBEB1 /* Assets.xcassets */ = {isa = PBXFileReference; lastKnownFileType = folder.assetcatalog; path = Assets.xcassets; sourceTree = "<group>"; };
		0D525D2A27496A8E00FCBEB1 /* Preview Assets.xcassets */ = {isa = PBXFileReference; lastKnownFileType = folder.assetcatalog; path = "Preview Assets.xcassets"; sourceTree = "<group>"; };
		0DF4612827B36A5100D9B678 /* PonyList.swift */ = {isa = PBXFileReference; lastKnownFileType = sourcecode.swift; path = PonyList.swift; sourceTree = "<group>"; };
		0DF4612A27B36B9900D9B678 /* PonyAppState.swift */ = {isa = PBXFileReference; lastKnownFileType = sourcecode.swift; path = PonyAppState.swift; sourceTree = "<group>"; };
/* End PBXFileReference section */

/* Begin PBXFrameworksBuildPhase section */
		0D525D1D27496A8C00FCBEB1 /* Frameworks */ = {
			isa = PBXFrameworksBuildPhase;
			buildActionMask = 2147483647;
			files = (
				0D1EF28527B43C9800CE2AB1 /* PonyKit in Frameworks */,
			);
			runOnlyForDeploymentPostprocessing = 0;
		};
/* End PBXFrameworksBuildPhase section */

/* Begin PBXGroup section */
		0D1EF28327B43C9800CE2AB1 /* Frameworks */ = {
			isa = PBXGroup;
			children = (
			);
			name = Frameworks;
			sourceTree = "<group>";
		};
		0D525D1727496A8C00FCBEB1 = {
			isa = PBXGroup;
			children = (
				0D525D3127496AA400FCBEB1 /* Packages */,
				0D525D2227496A8C00FCBEB1 /* PonyApp */,
				0D525D2127496A8C00FCBEB1 /* Products */,
				0D1EF28327B43C9800CE2AB1 /* Frameworks */,
			);
			sourceTree = "<group>";
		};
		0D525D2127496A8C00FCBEB1 /* Products */ = {
			isa = PBXGroup;
			children = (
				0D525D2027496A8C00FCBEB1 /* PonyApp.app */,
			);
			name = Products;
			sourceTree = "<group>";
		};
		0D525D2227496A8C00FCBEB1 /* PonyApp */ = {
			isa = PBXGroup;
			children = (
				0D525D2327496A8C00FCBEB1 /* PonyApp.swift */,
				0DF4612A27B36B9900D9B678 /* PonyAppState.swift */,
				0DF4612827B36A5100D9B678 /* PonyList.swift */,
				0D15B88827B442A40033AC62 /* PonyListCard.swift */,
				0D15B88A27B5198F0033AC62 /* EpisodeList.swift */,
				0D15B88B27B5198F0033AC62 /* EpisodeListCard.swift */,
				0D525D2727496A8E00FCBEB1 /* Assets.xcassets */,
				0D525D2927496A8E00FCBEB1 /* Preview Content */,
			);
			path = PonyApp;
			sourceTree = "<group>";
		};
		0D525D2927496A8E00FCBEB1 /* Preview Content */ = {
			isa = PBXGroup;
			children = (
				0D525D2A27496A8E00FCBEB1 /* Preview Assets.xcassets */,
			);
			path = "Preview Content";
			sourceTree = "<group>";
		};
		0D525D3127496AA400FCBEB1 /* Packages */ = {
			isa = PBXGroup;
			children = (
				0D1EF28227B43C6800CE2AB1 /* PonyKit */,
			);
			name = Packages;
			sourceTree = "<group>";
		};
/* End PBXGroup section */

/* Begin PBXNativeTarget section */
		0D525D1F27496A8C00FCBEB1 /* PonyApp */ = {
			isa = PBXNativeTarget;
			buildConfigurationList = 0D525D2E27496A8E00FCBEB1 /* Build configuration list for PBXNativeTarget "PonyApp" */;
			buildPhases = (
				0D525D1C27496A8C00FCBEB1 /* Sources */,
				0D525D1D27496A8C00FCBEB1 /* Frameworks */,
				0D525D1E27496A8C00FCBEB1 /* Resources */,
			);
			buildRules = (
			);
			dependencies = (
			);
			name = PonyApp;
			packageProductDependencies = (
				0D1EF28427B43C9800CE2AB1 /* PonyKit */,
			);
			productName = PonyApp;
			productReference = 0D525D2027496A8C00FCBEB1 /* PonyApp.app */;
			productType = "com.apple.product-type.application";
		};
/* End PBXNativeTarget section */

/* Begin PBXProject section */
		0D525D1827496A8C00FCBEB1 /* Project object */ = {
			isa = PBXProject;
			attributes = {
				BuildIndependentTargetsInParallel = 1;
				LastSwiftUpdateCheck = 1320;
				LastUpgradeCheck = 1320;
				TargetAttributes = {
					0D525D1F27496A8C00FCBEB1 = {
						CreatedOnToolsVersion = 13.2;
					};
				};
			};
			buildConfigurationList = 0D525D1B27496A8C00FCBEB1 /* Build configuration list for PBXProject "PonyApp" */;
			compatibilityVersion = "Xcode 13.0";
			developmentRegion = en;
			hasScannedForEncodings = 0;
			knownRegions = (
				en,
				Base,
			);
			mainGroup = 0D525D1727496A8C00FCBEB1;
			productRefGroup = 0D525D2127496A8C00FCBEB1 /* Products */;
			projectDirPath = "";
			projectRoot = "";
			targets = (
				0D525D1F27496A8C00FCBEB1 /* PonyApp */,
			);
		};
/* End PBXProject section */

/* Begin PBXResourcesBuildPhase section */
		0D525D1E27496A8C00FCBEB1 /* Resources */ = {
			isa = PBXResourcesBuildPhase;
			buildActionMask = 2147483647;
			files = (
				0D525D2B27496A8E00FCBEB1 /* Preview Assets.xcassets in Resources */,
				0D525D2827496A8E00FCBEB1 /* Assets.xcassets in Resources */,
			);
			runOnlyForDeploymentPostprocessing = 0;
		};
/* End PBXResourcesBuildPhase section */

/* Begin PBXSourcesBuildPhase section */
		0D525D1C27496A8C00FCBEB1 /* Sources */ = {
			isa = PBXSourcesBuildPhase;
			buildActionMask = 2147483647;
			files = (
				0D525D2427496A8C00FCBEB1 /* PonyApp.swift in Sources */,
				0D15B88927B442A40033AC62 /* PonyListCard.swift in Sources */,
				0DF4612927B36A5100D9B678 /* PonyList.swift in Sources */,
				0DF4612B27B36B9900D9B678 /* PonyAppState.swift in Sources */,
				0D15B88C27B5198F0033AC62 /* EpisodeList.swift in Sources */,
				0D15B88D27B5198F0033AC62 /* EpisodeListCard.swift in Sources */,
			);
			runOnlyForDeploymentPostprocessing = 0;
		};
/* End PBXSourcesBuildPhase section */

/* Begin XCBuildConfiguration section */
		0D525D2C27496A8E00FCBEB1 /* Debug */ = {
			isa = XCBuildConfiguration;
			buildSettings = {
				ALWAYS_SEARCH_USER_PATHS = NO;
				CLANG_ANALYZER_NONNULL = YES;
				CLANG_ANALYZER_NUMBER_OBJECT_CONVERSION = YES_AGGRESSIVE;
				CLANG_CXX_LANGUAGE_STANDARD = "gnu++17";
				CLANG_CXX_LIBRARY = "libc++";
				CLANG_ENABLE_MODULES = YES;
				CLANG_ENABLE_OBJC_ARC = YES;
				CLANG_ENABLE_OBJC_WEAK = YES;
				CLANG_WARN_BLOCK_CAPTURE_AUTORELEASING = YES;
				CLANG_WARN_BOOL_CONVERSION = YES;
				CLANG_WARN_COMMA = YES;
				CLANG_WARN_CONSTANT_CONVERSION = YES;
				CLANG_WARN_DEPRECATED_OBJC_IMPLEMENTATIONS = YES;
				CLANG_WARN_DIRECT_OBJC_ISA_USAGE = YES_ERROR;
				CLANG_WARN_DOCUMENTATION_COMMENTS = YES;
				CLANG_WARN_EMPTY_BODY = YES;
				CLANG_WARN_ENUM_CONVERSION = YES;
				CLANG_WARN_INFINITE_RECURSION = YES;
				CLANG_WARN_INT_CONVERSION = YES;
				CLANG_WARN_NON_LITERAL_NULL_CONVERSION = YES;
				CLANG_WARN_OBJC_IMPLICIT_RETAIN_SELF = YES;
				CLANG_WARN_OBJC_LITERAL_CONVERSION = YES;
				CLANG_WARN_OBJC_ROOT_CLASS = YES_ERROR;
				CLANG_WARN_QUOTED_INCLUDE_IN_FRAMEWORK_HEADER = YES;
				CLANG_WARN_RANGE_LOOP_ANALYSIS = YES;
				CLANG_WARN_STRICT_PROTOTYPES = YES;
				CLANG_WARN_SUSPICIOUS_MOVE = YES;
				CLANG_WARN_UNGUARDED_AVAILABILITY = YES_AGGRESSIVE;
				CLANG_WARN_UNREACHABLE_CODE = YES;
				CLANG_WARN__DUPLICATE_METHOD_MATCH = YES;
				COPY_PHASE_STRIP = NO;
				DEBUG_INFORMATION_FORMAT = dwarf;
				ENABLE_STRICT_OBJC_MSGSEND = YES;
				ENABLE_TESTABILITY = YES;
				GCC_C_LANGUAGE_STANDARD = gnu11;
				GCC_DYNAMIC_NO_PIC = NO;
				GCC_NO_COMMON_BLOCKS = YES;
				GCC_OPTIMIZATION_LEVEL = 0;
				GCC_PREPROCESSOR_DEFINITIONS = (
					"DEBUG=1",
					"$(inherited)",
				);
				GCC_WARN_64_TO_32_BIT_CONVERSION = YES;
				GCC_WARN_ABOUT_RETURN_TYPE = YES_ERROR;
				GCC_WARN_UNDECLARED_SELECTOR = YES;
				GCC_WARN_UNINITIALIZED_AUTOS = YES_AGGRESSIVE;
				GCC_WARN_UNUSED_FUNCTION = YES;
				GCC_WARN_UNUSED_VARIABLE = YES;
				IPHONEOS_DEPLOYMENT_TARGET = 15.2;
				MTL_ENABLE_DEBUG_INFO = INCLUDE_SOURCE;
				MTL_FAST_MATH = YES;
				ONLY_ACTIVE_ARCH = YES;
				SDKROOT = iphoneos;
				SWIFT_ACTIVE_COMPILATION_CONDITIONS = DEBUG;
				SWIFT_OPTIMIZATION_LEVEL = "-Onone";
			};
			name = Debug;
		};
		0D525D2D27496A8E00FCBEB1 /* Release */ = {
			isa = XCBuildConfiguration;
			buildSettings = {
				ALWAYS_SEARCH_USER_PATHS = NO;
				CLANG_ANALYZER_NONNULL = YES;
				CLANG_ANALYZER_NUMBER_OBJECT_CONVERSION = YES_AGGRESSIVE;
				CLANG_CXX_LANGUAGE_STANDARD = "gnu++17";
				CLANG_CXX_LIBRARY = "libc++";
				CLANG_ENABLE_MODULES = YES;
				CLANG_ENABLE_OBJC_ARC = YES;
				CLANG_ENABLE_OBJC_WEAK = YES;
				CLANG_WARN_BLOCK_CAPTURE_AUTORELEASING = YES;
				CLANG_WARN_BOOL_CONVERSION = YES;
				CLANG_WARN_COMMA = YES;
				CLANG_WARN_CONSTANT_CONVERSION = YES;
				CLANG_WARN_DEPRECATED_OBJC_IMPLEMENTATIONS = YES;
				CLANG_WARN_DIRECT_OBJC_ISA_USAGE = YES_ERROR;
				CLANG_WARN_DOCUMENTATION_COMMENTS = YES;
				CLANG_WARN_EMPTY_BODY = YES;
				CLANG_WARN_ENUM_CONVERSION = YES;
				CLANG_WARN_INFINITE_RECURSION = YES;
				CLANG_WARN_INT_CONVERSION = YES;
				CLANG_WARN_NON_LITERAL_NULL_CONVERSION = YES;
				CLANG_WARN_OBJC_IMPLICIT_RETAIN_SELF = YES;
				CLANG_WARN_OBJC_LITERAL_CONVERSION = YES;
				CLANG_WARN_OBJC_ROOT_CLASS = YES_ERROR;
				CLANG_WARN_QUOTED_INCLUDE_IN_FRAMEWORK_HEADER = YES;
				CLANG_WARN_RANGE_LOOP_ANALYSIS = YES;
				CLANG_WARN_STRICT_PROTOTYPES = YES;
				CLANG_WARN_SUSPICIOUS_MOVE = YES;
				CLANG_WARN_UNGUARDED_AVAILABILITY = YES_AGGRESSIVE;
				CLANG_WARN_UNREACHABLE_CODE = YES;
				CLANG_WARN__DUPLICATE_METHOD_MATCH = YES;
				COPY_PHASE_STRIP = NO;
				DEBUG_INFORMATION_FORMAT = "dwarf-with-dsym";
				ENABLE_NS_ASSERTIONS = NO;
				ENABLE_STRICT_OBJC_MSGSEND = YES;
				GCC_C_LANGUAGE_STANDARD = gnu11;
				GCC_NO_COMMON_BLOCKS = YES;
				GCC_WARN_64_TO_32_BIT_CONVERSION = YES;
				GCC_WARN_ABOUT_RETURN_TYPE = YES_ERROR;
				GCC_WARN_UNDECLARED_SELECTOR = YES;
				GCC_WARN_UNINITIALIZED_AUTOS = YES_AGGRESSIVE;
				GCC_WARN_UNUSED_FUNCTION = YES;
				GCC_WARN_UNUSED_VARIABLE = YES;
				IPHONEOS_DEPLOYMENT_TARGET = 15.2;
				MTL_ENABLE_DEBUG_INFO = NO;
				MTL_FAST_MATH = YES;
				SDKROOT = iphoneos;
				SWIFT_COMPILATION_MODE = wholemodule;
				SWIFT_OPTIMIZATION_LEVEL = "-O";
				VALIDATE_PRODUCT = YES;
			};
			name = Release;
		};
		0D525D2F27496A8E00FCBEB1 /* Debug */ = {
			isa = XCBuildConfiguration;
			buildSettings = {
				ASSETCATALOG_COMPILER_APPICON_NAME = AppIcon;
				ASSETCATALOG_COMPILER_GLOBAL_ACCENT_COLOR_NAME = AccentColor;
				CODE_SIGN_STYLE = Automatic;
				CURRENT_PROJECT_VERSION = 1;
				DEVELOPMENT_ASSET_PATHS = "\"PonyApp/Preview Content\"";
				ENABLE_PREVIEWS = YES;
				GENERATE_INFOPLIST_FILE = YES;
				INFOPLIST_KEY_UIApplicationSceneManifest_Generation = YES;
				INFOPLIST_KEY_UIApplicationSupportsIndirectInputEvents = YES;
				INFOPLIST_KEY_UILaunchScreen_Generation = YES;
				INFOPLIST_KEY_UISupportedInterfaceOrientations_iPad = "UIInterfaceOrientationPortrait UIInterfaceOrientationPortraitUpsideDown UIInterfaceOrientationLandscapeLeft UIInterfaceOrientationLandscapeRight";
				INFOPLIST_KEY_UISupportedInterfaceOrientations_iPhone = "UIInterfaceOrientationPortrait UIInterfaceOrientationLandscapeLeft UIInterfaceOrientationLandscapeRight";
				LD_RUNPATH_SEARCH_PATHS = (
					"$(inherited)",
					"@executable_path/Frameworks",
				);
				MARKETING_VERSION = 1.0;
				PRODUCT_BUNDLE_IDENTIFIER = com.rickb.PonyApp;
				PRODUCT_NAME = "$(TARGET_NAME)";
				SWIFT_EMIT_LOC_STRINGS = YES;
				SWIFT_VERSION = 5.0;
				TARGETED_DEVICE_FAMILY = "1,2";
			};
			name = Debug;
		};
		0D525D3027496A8E00FCBEB1 /* Release */ = {
			isa = XCBuildConfiguration;
			buildSettings = {
				ASSETCATALOG_COMPILER_APPICON_NAME = AppIcon;
				ASSETCATALOG_COMPILER_GLOBAL_ACCENT_COLOR_NAME = AccentColor;
				CODE_SIGN_STYLE = Automatic;
				CURRENT_PROJECT_VERSION = 1;
				DEVELOPMENT_ASSET_PATHS = "\"PonyApp/Preview Content\"";
				ENABLE_PREVIEWS = YES;
				GENERATE_INFOPLIST_FILE = YES;
				INFOPLIST_KEY_UIApplicationSceneManifest_Generation = YES;
				INFOPLIST_KEY_UIApplicationSupportsIndirectInputEvents = YES;
				INFOPLIST_KEY_UILaunchScreen_Generation = YES;
				INFOPLIST_KEY_UISupportedInterfaceOrientations_iPad = "UIInterfaceOrientationPortrait UIInterfaceOrientationPortraitUpsideDown UIInterfaceOrientationLandscapeLeft UIInterfaceOrientationLandscapeRight";
				INFOPLIST_KEY_UISupportedInterfaceOrientations_iPhone = "UIInterfaceOrientationPortrait UIInterfaceOrientationLandscapeLeft UIInterfaceOrientationLandscapeRight";
				LD_RUNPATH_SEARCH_PATHS = (
					"$(inherited)",
					"@executable_path/Frameworks",
				);
				MARKETING_VERSION = 1.0;
				PRODUCT_BUNDLE_IDENTIFIER = com.rickb.PonyApp;
				PRODUCT_NAME = "$(TARGET_NAME)";
				SWIFT_EMIT_LOC_STRINGS = YES;
				SWIFT_VERSION = 5.0;
				TARGETED_DEVICE_FAMILY = "1,2";
			};
			name = Release;
		};
/* End XCBuildConfiguration section */

/* Begin XCConfigurationList section */
		0D525D1B27496A8C00FCBEB1 /* Build configuration list for PBXProject "PonyApp" */ = {
			isa = XCConfigurationList;
			buildConfigurations = (
				0D525D2C27496A8E00FCBEB1 /* Debug */,
				0D525D2D27496A8E00FCBEB1 /* Release */,
			);
			defaultConfigurationIsVisible = 0;
			defaultConfigurationName = Release;
		};
		0D525D2E27496A8E00FCBEB1 /* Build configuration list for PBXNativeTarget "PonyApp" */ = {
			isa = XCConfigurationList;
			buildConfigurations = (
				0D525D2F27496A8E00FCBEB1 /* Debug */,
				0D525D3027496A8E00FCBEB1 /* Release */,
			);
			defaultConfigurationIsVisible = 0;
			defaultConfigurationName = Release;
		};
/* End XCConfigurationList section */

/* Begin XCSwiftPackageProductDependency section */
		0D1EF28427B43C9800CE2AB1 /* PonyKit */ = {
			isa = XCSwiftPackageProductDependency;
			productName = PonyKit;
		};
/* End XCSwiftPackageProductDependency section */
	};
	rootObject = 0D525D1827496A8C00FCBEB1 /* Project object */;
}
