{
  "object": {
    "pins": [
      {
        "package": "EndpointKit",
        "repositoryURL": "https://github.com/rickbdotcom/EndpointKit",
        "state": {
          "branch": null,
          "revision": "7661b9b86362c7549e64d91f8abfaef355bc96ec",
          "version": "0.0.4"
        }
      }
    ]
  },
  "version": 1
}
