{
  "object": {
    "pins": [
      {
        "package": "EndpointKit",
        "repositoryURL": "https://github.com/rickbdotcom/EndpointKit",
        "state": {
          "branch": null,
          "revision": "e6ad63786665760056daf2f9a9997049542c343e",
          "version": "0.0.1"
        }
      }
    ]
  },
  "version": 1
}
