{
  "object": {
    "pins": [
      {
        "package": "EndpointKit",
        "repositoryURL": "https://github.com/rickbdotcom/EndpointKit",
        "state": {
          "branch": null,
          "revision": "4b32eb34ff10b21635f8d027755cd1dad85ea24f",
          "version": "0.0.9"
        }
      }
    ]
  },
  "version": 1
}
