{
  "object": {
    "pins": [
      {
        "package": "EndpointKit",
        "repositoryURL": "https://github.com/rickbdotcom/EndpointKit",
        "state": {
          "branch": null,
          "revision": "1a2c8c8120af8db11b50b0d651c3656058d1a748",
          "version": "0.0.13"
        }
      }
    ]
  },
  "version": 1
}
